
Microsoft Visual Studio Solution File, Format Version 12.00
# Visual Studio Version 16
VisualStudioVersion = 16.0.28606.126
MinimumVisualStudioVersion = 10.0.40219.1
Project("{FAE04EC0-301F-11D3-BF4B-00C04F79EFBC}") = "ConsoleApp1", "ConsoleApp1\ConsoleApp1.csproj", "{A926AB0E-684C-4E69-833F-288FC4220A7D}"
EndProject
Project("{FAE04EC0-301F-11D3-BF4B-00C04F79EFBC}") = "DataTableToList", "DataTableToList\DataTableToList.csproj", "{773F6693-B3E0-4061-9B3F-2EB95BAAEF55}"
EndProject
Project("{FAE04EC0-301F-11D3-BF4B-00C04F79EFBC}") = "DataTableToListCore", "DataTableToListCore\DataTableToListCore.csproj", "{2994DA44-6DE9-4329-AECB-2C0BF62B5E79}"
EndProject
Global
	GlobalSection(SolutionConfigurationPlatforms) = preSolution
		Debug|Any CPU = Debug|Any CPU
		Release|Any CPU = Release|Any CPU
	EndGlobalSection
	GlobalSection(ProjectConfigurationPlatforms) = postSolution
		{A926AB0E-684C-4E69-833F-288FC4220A7D}.Debug|Any CPU.ActiveCfg = Debug|Any CPU
		{A926AB0E-684C-4E69-833F-288FC4220A7D}.Debug|Any CPU.Build.0 = Debug|Any CPU
		{A926AB0E-684C-4E69-833F-288FC4220A7D}.Release|Any CPU.ActiveCfg = Release|Any CPU
		{A926AB0E-684C-4E69-833F-288FC4220A7D}.Release|Any CPU.Build.0 = Release|Any CPU
		{773F6693-B3E0-4061-9B3F-2EB95BAAEF55}.Debug|Any CPU.ActiveCfg = Debug|Any CPU
		{773F6693-B3E0-4061-9B3F-2EB95BAAEF55}.Debug|Any CPU.Build.0 = Debug|Any CPU
		{773F6693-B3E0-4061-9B3F-2EB95BAAEF55}.Release|Any CPU.ActiveCfg = Release|Any CPU
		{773F6693-B3E0-4061-9B3F-2EB95BAAEF55}.Release|Any CPU.Build.0 = Release|Any CPU
		{2994DA44-6DE9-4329-AECB-2C0BF62B5E79}.Debug|Any CPU.ActiveCfg = Debug|Any CPU
		{2994DA44-6DE9-4329-AECB-2C0BF62B5E79}.Debug|Any CPU.Build.0 = Debug|Any CPU
		{2994DA44-6DE9-4329-AECB-2C0BF62B5E79}.Release|Any CPU.ActiveCfg = Release|Any CPU
		{2994DA44-6DE9-4329-AECB-2C0BF62B5E79}.Release|Any CPU.Build.0 = Release|Any CPU
	EndGlobalSection
	GlobalSection(SolutionProperties) = preSolution
		HideSolutionNode = FALSE
	EndGlobalSection
	GlobalSection(ExtensibilityGlobals) = postSolution
		SolutionGuid = {C4F6FCF0-BB6C-4260-AB56-86085D7D77C7}
	EndGlobalSection
EndGlobal
